// !$*UTF8*$!
{
	archiveVersion = 1;
	classes = {
	};
	objectVersion = 50;
	objects = {

/* Begin PBXBuildFile section */
		B09AA621218361E700B3BB7B /* AppDelegate.swift in Sources */ = {isa = PBXBuildFile; fileRef = B09AA620218361E700B3BB7B /* AppDelegate.swift */; };
		B09AA626218361E700B3BB7B /* Main.storyboard in Resources */ = {isa = PBXBuildFile; fileRef = B09AA624218361E700B3BB7B /* Main.storyboard */; };
		B09AA628218361E700B3BB7B /* Assets.xcassets in Resources */ = {isa = PBXBuildFile; fileRef = B09AA627218361E700B3BB7B /* Assets.xcassets */; };
		B09AA62B218361E700B3BB7B /* LaunchScreen.storyboard in Resources */ = {isa = PBXBuildFile; fileRef = B09AA629218361E700B3BB7B /* LaunchScreen.storyboard */; };
		B09AA633218376A700B3BB7B /* GoalListScreen.swift in Sources */ = {isa = PBXBuildFile; fileRef = B09AA632218376A700B3BB7B /* GoalListScreen.swift */; };
		B09AA6352183910000B3BB7B /* GoalCell.swift in Sources */ = {isa = PBXBuildFile; fileRef = B09AA6342183910000B3BB7B /* GoalCell.swift */; };
		B09AA637218392F700B3BB7B /* GoalClass.swift in Sources */ = {isa = PBXBuildFile; fileRef = B09AA636218392F700B3BB7B /* GoalClass.swift */; };
/* End PBXBuildFile section */

/* Begin PBXFileReference section */
		B09AA61D218361E700B3BB7B /* Turntables.app */ = {isa = PBXFileReference; explicitFileType = wrapper.application; includeInIndex = 0; path = Turntables.app; sourceTree = BUILT_PRODUCTS_DIR; };
		B09AA620218361E700B3BB7B /* AppDelegate.swift */ = {isa = PBXFileReference; lastKnownFileType = sourcecode.swift; path = AppDelegate.swift; sourceTree = "<group>"; };
		B09AA625218361E700B3BB7B /* Base */ = {isa = PBXFileReference; lastKnownFileType = file.storyboard; name = Base; path = Base.lproj/Main.storyboard; sourceTree = "<group>"; };
		B09AA627218361E700B3BB7B /* Assets.xcassets */ = {isa = PBXFileReference; lastKnownFileType = folder.assetcatalog; path = Assets.xcassets; sourceTree = "<group>"; };
		B09AA62A218361E700B3BB7B /* Base */ = {isa = PBXFileReference; lastKnownFileType = file.storyboard; name = Base; path = Base.lproj/LaunchScreen.storyboard; sourceTree = "<group>"; };
		B09AA62C218361E700B3BB7B /* Info.plist */ = {isa = PBXFileReference; lastKnownFileType = text.plist.xml; path = Info.plist; sourceTree = "<group>"; };
		B09AA632218376A700B3BB7B /* GoalListScreen.swift */ = {isa = PBXFileReference; lastKnownFileType = sourcecode.swift; path = GoalListScreen.swift; sourceTree = "<group>"; };
		B09AA6342183910000B3BB7B /* GoalCell.swift */ = {isa = PBXFileReference; lastKnownFileType = sourcecode.swift; path = GoalCell.swift; sourceTree = "<group>"; };
		B09AA636218392F700B3BB7B /* GoalClass.swift */ = {isa = PBXFileReference; lastKnownFileType = sourcecode.swift; path = GoalClass.swift; sourceTree = "<group>"; };
/* End PBXFileReference section */

/* Begin PBXFrameworksBuildPhase section */
		B09AA61A218361E700B3BB7B /* Frameworks */ = {
			isa = PBXFrameworksBuildPhase;
			buildActionMask = 2147483647;
			files = (
			);
			runOnlyForDeploymentPostprocessing = 0;
		};
/* End PBXFrameworksBuildPhase section */

/* Begin PBXGroup section */
		B09AA614218361E700B3BB7B = {
			isa = PBXGroup;
			children = (
				B09AA61F218361E700B3BB7B /* Turntables */,
				B09AA61E218361E700B3BB7B /* Products */,
			);
			sourceTree = "<group>";
		};
		B09AA61E218361E700B3BB7B /* Products */ = {
			isa = PBXGroup;
			children = (
				B09AA61D218361E700B3BB7B /* Turntables.app */,
			);
			name = Products;
			sourceTree = "<group>";
		};
		B09AA61F218361E700B3BB7B /* Turntables */ = {
			isa = PBXGroup;
			children = (
				B09AA620218361E700B3BB7B /* AppDelegate.swift */,
				B09AA632218376A700B3BB7B /* GoalListScreen.swift */,
				B09AA6342183910000B3BB7B /* GoalCell.swift */,
				B09AA636218392F700B3BB7B /* GoalClass.swift */,
				B09AA624218361E700B3BB7B /* Main.storyboard */,
				B09AA627218361E700B3BB7B /* Assets.xcassets */,
				B09AA629218361E700B3BB7B /* LaunchScreen.storyboard */,
				B09AA62C218361E700B3BB7B /* Info.plist */,
			);
			path = Turntables;
			sourceTree = "<group>";
		};
/* End PBXGroup section */

/* Begin PBXNativeTarget section */
		B09AA61C218361E700B3BB7B /* Turntables */ = {
			isa = PBXNativeTarget;
			buildConfigurationList = B09AA62F218361E700B3BB7B /* Build configuration list for PBXNativeTarget "Turntables" */;
			buildPhases = (
				B09AA619218361E700B3BB7B /* Sources */,
				B09AA61A218361E700B3BB7B /* Frameworks */,
				B09AA61B218361E700B3BB7B /* Resources */,
			);
			buildRules = (
			);
			dependencies = (
			);
			name = Turntables;
			productName = Turntables;
			productReference = B09AA61D218361E700B3BB7B /* Turntables.app */;
			productType = "com.apple.product-type.application";
		};
/* End PBXNativeTarget section */

/* Begin PBXProject section */
		B09AA615218361E700B3BB7B /* Project object */ = {
			isa = PBXProject;
			attributes = {
				LastSwiftUpdateCheck = 1000;
				LastUpgradeCheck = 1000;
				ORGANIZATIONNAME = "Haptic Technologies, LLC.";
				TargetAttributes = {
					B09AA61C218361E700B3BB7B = {
						CreatedOnToolsVersion = 10.0;
					};
				};
			};
			buildConfigurationList = B09AA618218361E700B3BB7B /* Build configuration list for PBXProject "Turntables" */;
			compatibilityVersion = "Xcode 9.3";
			developmentRegion = en;
			hasScannedForEncodings = 0;
			knownRegions = (
				en,
				Base,
			);
			mainGroup = B09AA614218361E700B3BB7B;
			productRefGroup = B09AA61E218361E700B3BB7B /* Products */;
			projectDirPath = "";
			projectRoot = "";
			targets = (
				B09AA61C218361E700B3BB7B /* Turntables */,
			);
		};
/* End PBXProject section */

/* Begin PBXResourcesBuildPhase section */
		B09AA61B218361E700B3BB7B /* Resources */ = {
			isa = PBXResourcesBuildPhase;
			buildActionMask = 2147483647;
			files = (
				B09AA62B218361E700B3BB7B /* LaunchScreen.storyboard in Resources */,
				B09AA628218361E700B3BB7B /* Assets.xcassets in Resources */,
				B09AA626218361E700B3BB7B /* Main.storyboard in Resources */,
			);
			runOnlyForDeploymentPostprocessing = 0;
		};
/* End PBXResourcesBuildPhase section */

/* Begin PBXSourcesBuildPhase section */
		B09AA619218361E700B3BB7B /* Sources */ = {
			isa = PBXSourcesBuildPhase;
			buildActionMask = 2147483647;
			files = (
				B09AA633218376A700B3BB7B /* GoalListScreen.swift in Sources */,
				B09AA621218361E700B3BB7B /* AppDelegate.swift in Sources */,
				B09AA6352183910000B3BB7B /* GoalCell.swift in Sources */,
				B09AA637218392F700B3BB7B /* GoalClass.swift in Sources */,
			);
			runOnlyForDeploymentPostprocessing = 0;
		};
/* End PBXSourcesBuildPhase section */

/* Begin PBXVariantGroup section */
		B09AA624218361E700B3BB7B /* Main.storyboard */ = {
			isa = PBXVariantGroup;
			children = (
				B09AA625218361E700B3BB7B /* Base */,
			);
			name = Main.storyboard;
			sourceTree = "<group>";
		};
		B09AA629218361E700B3BB7B /* LaunchScreen.storyboard */ = {
			isa = PBXVariantGroup;
			children = (
				B09AA62A218361E700B3BB7B /* Base */,
			);
			name = LaunchScreen.storyboard;
			sourceTree = "<group>";
		};
/* End PBXVariantGroup section */

/* Begin XCBuildConfiguration section */
		B09AA62D218361E700B3BB7B /* Debug */ = {
			isa = XCBuildConfiguration;
			buildSettings = {
				ALWAYS_SEARCH_USER_PATHS = NO;
				CLANG_ANALYZER_NONNULL = YES;
				CLANG_ANALYZER_NUMBER_OBJECT_CONVERSION = YES_AGGRESSIVE;
				CLANG_CXX_LANGUAGE_STANDARD = "gnu++14";
				CLANG_CXX_LIBRARY = "libc++";
				CLANG_ENABLE_MODULES = YES;
				CLANG_ENABLE_OBJC_ARC = YES;
				CLANG_ENABLE_OBJC_WEAK = YES;
				CLANG_WARN_BLOCK_CAPTURE_AUTORELEASING = YES;
				CLANG_WARN_BOOL_CONVERSION = YES;
				CLANG_WARN_COMMA = YES;
				CLANG_WARN_CONSTANT_CONVERSION = YES;
				CLANG_WARN_DEPRECATED_OBJC_IMPLEMENTATIONS = YES;
				CLANG_WARN_DIRECT_OBJC_ISA_USAGE = YES_ERROR;
				CLANG_WARN_DOCUMENTATION_COMMENTS = YES;
				CLANG_WARN_EMPTY_BODY = YES;
				CLANG_WARN_ENUM_CONVERSION = YES;
				CLANG_WARN_INFINITE_RECURSION = YES;
				CLANG_WARN_INT_CONVERSION = YES;
				CLANG_WARN_NON_LITERAL_NULL_CONVERSION = YES;
				CLANG_WARN_OBJC_IMPLICIT_RETAIN_SELF = YES;
				CLANG_WARN_OBJC_LITERAL_CONVERSION = YES;
				CLANG_WARN_OBJC_ROOT_CLASS = YES_ERROR;
				CLANG_WARN_RANGE_LOOP_ANALYSIS = YES;
				CLANG_WARN_STRICT_PROTOTYPES = YES;
				CLANG_WARN_SUSPICIOUS_MOVE = YES;
				CLANG_WARN_UNGUARDED_AVAILABILITY = YES_AGGRESSIVE;
				CLANG_WARN_UNREACHABLE_CODE = YES;
				CLANG_WARN__DUPLICATE_METHOD_MATCH = YES;
				CODE_SIGN_IDENTITY = "iPhone Developer";
				COPY_PHASE_STRIP = NO;
				DEBUG_INFORMATION_FORMAT = dwarf;
				ENABLE_STRICT_OBJC_MSGSEND = YES;
				ENABLE_TESTABILITY = YES;
				GCC_C_LANGUAGE_STANDARD = gnu11;
				GCC_DYNAMIC_NO_PIC = NO;
				GCC_NO_COMMON_BLOCKS = YES;
				GCC_OPTIMIZATION_LEVEL = 0;
				GCC_PREPROCESSOR_DEFINITIONS = (
					"DEBUG=1",
					"$(inherited)",
				);
				GCC_WARN_64_TO_32_BIT_CONVERSION = YES;
				GCC_WARN_ABOUT_RETURN_TYPE = YES_ERROR;
				GCC_WARN_UNDECLARED_SELECTOR = YES;
				GCC_WARN_UNINITIALIZED_AUTOS = YES_AGGRESSIVE;
				GCC_WARN_UNUSED_FUNCTION = YES;
				GCC_WARN_UNUSED_VARIABLE = YES;
				IPHONEOS_DEPLOYMENT_TARGET = 12.0;
				MTL_ENABLE_DEBUG_INFO = INCLUDE_SOURCE;
				MTL_FAST_MATH = YES;
				ONLY_ACTIVE_ARCH = YES;
				SDKROOT = iphoneos;
				SWIFT_ACTIVE_COMPILATION_CONDITIONS = DEBUG;
				SWIFT_OPTIMIZATION_LEVEL = "-Onone";
			};
			name = Debug;
		};
		B09AA62E218361E700B3BB7B /* Release */ = {
			isa = XCBuildConfiguration;
			buildSettings = {
				ALWAYS_SEARCH_USER_PATHS = NO;
				CLANG_ANALYZER_NONNULL = YES;
				CLANG_ANALYZER_NUMBER_OBJECT_CONVERSION = YES_AGGRESSIVE;
				CLANG_CXX_LANGUAGE_STANDARD = "gnu++14";
				CLANG_CXX_LIBRARY = "libc++";
				CLANG_ENABLE_MODULES = YES;
				CLANG_ENABLE_OBJC_ARC = YES;
				CLANG_ENABLE_OBJC_WEAK = YES;
				CLANG_WARN_BLOCK_CAPTURE_AUTORELEASING = YES;
				CLANG_WARN_BOOL_CONVERSION = YES;
				CLANG_WARN_COMMA = YES;
				CLANG_WARN_CONSTANT_CONVERSION = YES;
				CLANG_WARN_DEPRECATED_OBJC_IMPLEMENTATIONS = YES;
				CLANG_WARN_DIRECT_OBJC_ISA_USAGE = YES_ERROR;
				CLANG_WARN_DOCUMENTATION_COMMENTS = YES;
				CLANG_WARN_EMPTY_BODY = YES;
				CLANG_WARN_ENUM_CONVERSION = YES;
				CLANG_WARN_INFINITE_RECURSION = YES;
				CLANG_WARN_INT_CONVERSION = YES;
				CLANG_WARN_NON_LITERAL_NULL_CONVERSION = YES;
				CLANG_WARN_OBJC_IMPLICIT_RETAIN_SELF = YES;
				CLANG_WARN_OBJC_LITERAL_CONVERSION = YES;
				CLANG_WARN_OBJC_ROOT_CLASS = YES_ERROR;
				CLANG_WARN_RANGE_LOOP_ANALYSIS = YES;
				CLANG_WARN_STRICT_PROTOTYPES = YES;
				CLANG_WARN_SUSPICIOUS_MOVE = YES;
				CLANG_WARN_UNGUARDED_AVAILABILITY = YES_AGGRESSIVE;
				CLANG_WARN_UNREACHABLE_CODE = YES;
				CLANG_WARN__DUPLICATE_METHOD_MATCH = YES;
				CODE_SIGN_IDENTITY = "iPhone Developer";
				COPY_PHASE_STRIP = NO;
				DEBUG_INFORMATION_FORMAT = "dwarf-with-dsym";
				ENABLE_NS_ASSERTIONS = NO;
				ENABLE_STRICT_OBJC_MSGSEND = YES;
				GCC_C_LANGUAGE_STANDARD = gnu11;
				GCC_NO_COMMON_BLOCKS = YES;
				GCC_WARN_64_TO_32_BIT_CONVERSION = YES;
				GCC_WARN_ABOUT_RETURN_TYPE = YES_ERROR;
				GCC_WARN_UNDECLARED_SELECTOR = YES;
				GCC_WARN_UNINITIALIZED_AUTOS = YES_AGGRESSIVE;
				GCC_WARN_UNUSED_FUNCTION = YES;
				GCC_WARN_UNUSED_VARIABLE = YES;
				IPHONEOS_DEPLOYMENT_TARGET = 12.0;
				MTL_ENABLE_DEBUG_INFO = NO;
				MTL_FAST_MATH = YES;
				SDKROOT = iphoneos;
				SWIFT_COMPILATION_MODE = wholemodule;
				SWIFT_OPTIMIZATION_LEVEL = "-O";
				VALIDATE_PRODUCT = YES;
			};
			name = Release;
		};
		B09AA630218361E700B3BB7B /* Debug */ = {
			isa = XCBuildConfiguration;
			buildSettings = {
				ASSETCATALOG_COMPILER_APPICON_NAME = AppIcon;
				CODE_SIGN_STYLE = Automatic;
				INFOPLIST_FILE = Turntables/Info.plist;
				LD_RUNPATH_SEARCH_PATHS = (
					"$(inherited)",
					"@executable_path/Frameworks",
				);
				PRODUCT_BUNDLE_IDENTIFIER = co.haptictech.Turntables;
				PRODUCT_NAME = "$(TARGET_NAME)";
				SWIFT_VERSION = 4.2;
				TARGETED_DEVICE_FAMILY = "1,2";
			};
			name = Debug;
		};
		B09AA631218361E700B3BB7B /* Release */ = {
			isa = XCBuildConfiguration;
			buildSettings = {
				ASSETCATALOG_COMPILER_APPICON_NAME = AppIcon;
				CODE_SIGN_STYLE = Automatic;
				INFOPLIST_FILE = Turntables/Info.plist;
				LD_RUNPATH_SEARCH_PATHS = (
					"$(inherited)",
					"@executable_path/Frameworks",
				);
				PRODUCT_BUNDLE_IDENTIFIER = co.haptictech.Turntables;
				PRODUCT_NAME = "$(TARGET_NAME)";
				SWIFT_VERSION = 4.2;
				TARGETED_DEVICE_FAMILY = "1,2";
			};
			name = Release;
		};
/* End XCBuildConfiguration section */

/* Begin XCConfigurationList section */
		B09AA618218361E700B3BB7B /* Build configuration list for PBXProject "Turntables" */ = {
			isa = XCConfigurationList;
			buildConfigurations = (
				B09AA62D218361E700B3BB7B /* Debug */,
				B09AA62E218361E700B3BB7B /* Release */,
			);
			defaultConfigurationIsVisible = 0;
			defaultConfigurationName = Release;
		};
		B09AA62F218361E700B3BB7B /* Build configuration list for PBXNativeTarget "Turntables" */ = {
			isa = XCConfigurationList;
			buildConfigurations = (
				B09AA630218361E700B3BB7B /* Debug */,
				B09AA631218361E700B3BB7B /* Release */,
			);
			defaultConfigurationIsVisible = 0;
			defaultConfigurationName = Release;
		};
/* End XCConfigurationList section */
	};
	rootObject = B09AA615218361E700B3BB7B /* Project object */;
}
